// !$*UTF8*$!
{
	archiveVersion = 1;
	classes = {
	};
	objectVersion = 50;
	objects = {

/* Begin PBXBuildFile section */
		4A90C1E72638B3FD0025F89B /* AppDelegate.swift in Sources */ = {isa = PBXBuildFile; fileRef = 4A90C1E62638B3FD0025F89B /* AppDelegate.swift */; };
		4A90C1E92638B3FD0025F89B /* SceneDelegate.swift in Sources */ = {isa = PBXBuildFile; fileRef = 4A90C1E82638B3FD0025F89B /* SceneDelegate.swift */; };
		4A90C1EB2638B3FD0025F89B /* TravelLocationsMapViewController.swift in Sources */ = {isa = PBXBuildFile; fileRef = 4A90C1EA2638B3FD0025F89B /* TravelLocationsMapViewController.swift */; };
		4A90C1EE2638B3FD0025F89B /* Main.storyboard in Resources */ = {isa = PBXBuildFile; fileRef = 4A90C1EC2638B3FD0025F89B /* Main.storyboard */; };
		4A90C1F12638B3FD0025F89B /* VirtualTourist.xcdatamodeld in Sources */ = {isa = PBXBuildFile; fileRef = 4A90C1EF2638B3FD0025F89B /* VirtualTourist.xcdatamodeld */; };
		4A90C1F32638B3FF0025F89B /* Assets.xcassets in Resources */ = {isa = PBXBuildFile; fileRef = 4A90C1F22638B3FF0025F89B /* Assets.xcassets */; };
		4A90C1F62638B3FF0025F89B /* LaunchScreen.storyboard in Resources */ = {isa = PBXBuildFile; fileRef = 4A90C1F42638B3FF0025F89B /* LaunchScreen.storyboard */; };
		4A90C2022638BBCC0025F89B /* DataController.swift in Sources */ = {isa = PBXBuildFile; fileRef = 4A90C2012638BBCC0025F89B /* DataController.swift */; };
		4A90C2082639C6720025F89B /* PhotoAlbumViewController.swift in Sources */ = {isa = PBXBuildFile; fileRef = 4A90C2072639C6720025F89B /* PhotoAlbumViewController.swift */; };
		4A90C20F2639F1790025F89B /* FlikrPhotoClient.swift in Sources */ = {isa = PBXBuildFile; fileRef = 4A90C20E2639F1790025F89B /* FlikrPhotoClient.swift */; };
		4A90C214263A22D30025F89B /* SearchResults.swift in Sources */ = {isa = PBXBuildFile; fileRef = 4A90C213263A22D30025F89B /* SearchResults.swift */; };
		4A90C217263A2E4B0025F89B /* Photos.swift in Sources */ = {isa = PBXBuildFile; fileRef = 4A90C216263A2E4B0025F89B /* Photos.swift */; };
		4A90C21A263A2E5A0025F89B /* FlickrPhoto.swift in Sources */ = {isa = PBXBuildFile; fileRef = 4A90C219263A2E5A0025F89B /* FlickrPhoto.swift */; };
		4A956C9626471E1D006B1E39 /* FlickrPhotoSearchResults.swift in Sources */ = {isa = PBXBuildFile; fileRef = 4A956C9526471E1D006B1E39 /* FlickrPhotoSearchResults.swift */; };
		4A956C9A2647214E006B1E39 /* FlickrPhotosData.swift in Sources */ = {isa = PBXBuildFile; fileRef = 4A956C992647214E006B1E39 /* FlickrPhotosData.swift */; };
		4A956C9E26472171006B1E39 /* FlickrPhotoData.swift in Sources */ = {isa = PBXBuildFile; fileRef = 4A956C9D26472171006B1E39 /* FlickrPhotoData.swift */; };
		4AF9CB8F263CF22900753309 /* FlickrImageCell.swift in Sources */ = {isa = PBXBuildFile; fileRef = 4AF9CB8E263CF22900753309 /* FlickrImageCell.swift */; };
/* End PBXBuildFile section */

/* Begin PBXFileReference section */
		4A90C1E32638B3FD0025F89B /* VirtualTourist.app */ = {isa = PBXFileReference; explicitFileType = wrapper.application; includeInIndex = 0; path = VirtualTourist.app; sourceTree = BUILT_PRODUCTS_DIR; };
		4A90C1E62638B3FD0025F89B /* AppDelegate.swift */ = {isa = PBXFileReference; lastKnownFileType = sourcecode.swift; path = AppDelegate.swift; sourceTree = "<group>"; };
		4A90C1E82638B3FD0025F89B /* SceneDelegate.swift */ = {isa = PBXFileReference; lastKnownFileType = sourcecode.swift; path = SceneDelegate.swift; sourceTree = "<group>"; };
		4A90C1EA2638B3FD0025F89B /* TravelLocationsMapViewController.swift */ = {isa = PBXFileReference; lastKnownFileType = sourcecode.swift; path = TravelLocationsMapViewController.swift; sourceTree = "<group>"; };
		4A90C1ED2638B3FD0025F89B /* Base */ = {isa = PBXFileReference; lastKnownFileType = file.storyboard; name = Base; path = Base.lproj/Main.storyboard; sourceTree = "<group>"; };
		4A90C1F02638B3FD0025F89B /* VirtualTourist.xcdatamodel */ = {isa = PBXFileReference; lastKnownFileType = wrapper.xcdatamodel; path = VirtualTourist.xcdatamodel; sourceTree = "<group>"; };
		4A90C1F22638B3FF0025F89B /* Assets.xcassets */ = {isa = PBXFileReference; lastKnownFileType = folder.assetcatalog; path = Assets.xcassets; sourceTree = "<group>"; };
		4A90C1F52638B3FF0025F89B /* Base */ = {isa = PBXFileReference; lastKnownFileType = file.storyboard; name = Base; path = Base.lproj/LaunchScreen.storyboard; sourceTree = "<group>"; };
		4A90C1F72638B3FF0025F89B /* Info.plist */ = {isa = PBXFileReference; lastKnownFileType = text.plist.xml; path = Info.plist; sourceTree = "<group>"; };
		4A90C2012638BBCC0025F89B /* DataController.swift */ = {isa = PBXFileReference; lastKnownFileType = sourcecode.swift; path = DataController.swift; sourceTree = "<group>"; };
		4A90C2072639C6720025F89B /* PhotoAlbumViewController.swift */ = {isa = PBXFileReference; lastKnownFileType = sourcecode.swift; path = PhotoAlbumViewController.swift; sourceTree = "<group>"; };
		4A90C20E2639F1790025F89B /* FlikrPhotoClient.swift */ = {isa = PBXFileReference; lastKnownFileType = sourcecode.swift; path = FlikrPhotoClient.swift; sourceTree = "<group>"; };
		4A90C213263A22D30025F89B /* SearchResults.swift */ = {isa = PBXFileReference; lastKnownFileType = sourcecode.swift; path = SearchResults.swift; sourceTree = "<group>"; };
		4A90C216263A2E4B0025F89B /* Photos.swift */ = {isa = PBXFileReference; lastKnownFileType = sourcecode.swift; path = Photos.swift; sourceTree = "<group>"; };
		4A90C219263A2E5A0025F89B /* FlickrPhoto.swift */ = {isa = PBXFileReference; lastKnownFileType = sourcecode.swift; path = FlickrPhoto.swift; sourceTree = "<group>"; };
		4A956C9526471E1D006B1E39 /* FlickrPhotoSearchResults.swift */ = {isa = PBXFileReference; lastKnownFileType = sourcecode.swift; path = FlickrPhotoSearchResults.swift; sourceTree = "<group>"; };
		4A956C992647214E006B1E39 /* FlickrPhotosData.swift */ = {isa = PBXFileReference; lastKnownFileType = sourcecode.swift; path = FlickrPhotosData.swift; sourceTree = "<group>"; };
		4A956C9D26472171006B1E39 /* FlickrPhotoData.swift */ = {isa = PBXFileReference; lastKnownFileType = sourcecode.swift; path = FlickrPhotoData.swift; sourceTree = "<group>"; };
		4AF9CB8E263CF22900753309 /* FlickrImageCell.swift */ = {isa = PBXFileReference; lastKnownFileType = sourcecode.swift; path = FlickrImageCell.swift; sourceTree = "<group>"; };
/* End PBXFileReference section */

/* Begin PBXFrameworksBuildPhase section */
		4A90C1E02638B3FD0025F89B /* Frameworks */ = {
			isa = PBXFrameworksBuildPhase;
			buildActionMask = 2147483647;
			files = (
			);
			runOnlyForDeploymentPostprocessing = 0;
		};
/* End PBXFrameworksBuildPhase section */

/* Begin PBXGroup section */
		4A90C1DA2638B3FD0025F89B = {
			isa = PBXGroup;
			children = (
				4A90C1E52638B3FD0025F89B /* VirtualTourist */,
				4A90C1E42638B3FD0025F89B /* Products */,
			);
			sourceTree = "<group>";
		};
		4A90C1E42638B3FD0025F89B /* Products */ = {
			isa = PBXGroup;
			children = (
				4A90C1E32638B3FD0025F89B /* VirtualTourist.app */,
			);
			name = Products;
			sourceTree = "<group>";
		};
		4A90C1E52638B3FD0025F89B /* VirtualTourist */ = {
			isa = PBXGroup;
			children = (
				4AF9CB8D263CF21100753309 /* View */,
				4A90C1FF2638BB8B0025F89B /* Controllers */,
				4A90C1E62638B3FD0025F89B /* AppDelegate.swift */,
				4A90C1E82638B3FD0025F89B /* SceneDelegate.swift */,
				4A90C1EC2638B3FD0025F89B /* Main.storyboard */,
				4A90C1F22638B3FF0025F89B /* Assets.xcassets */,
				4A90C2002638BB9C0025F89B /* Model */,
				4A90C1F42638B3FF0025F89B /* LaunchScreen.storyboard */,
				4A90C1F72638B3FF0025F89B /* Info.plist */,
			);
			path = VirtualTourist;
			sourceTree = "<group>";
		};
		4A90C1FF2638BB8B0025F89B /* Controllers */ = {
			isa = PBXGroup;
			children = (
				4A90C1EA2638B3FD0025F89B /* TravelLocationsMapViewController.swift */,
				4A90C2072639C6720025F89B /* PhotoAlbumViewController.swift */,
			);
			path = Controllers;
			sourceTree = "<group>";
		};
		4A90C2002638BB9C0025F89B /* Model */ = {
			isa = PBXGroup;
			children = (
				4A90C219263A2E5A0025F89B /* FlickrPhoto.swift */,
				4A90C212263A22B60025F89B /* Response */,
				4A90C20D2639F15F0025F89B /* Clients */,
				4A90C1EF2638B3FD0025F89B /* VirtualTourist.xcdatamodeld */,
				4A90C2012638BBCC0025F89B /* DataController.swift */,
			);
			path = Model;
			sourceTree = "<group>";
		};
		4A90C20D2639F15F0025F89B /* Clients */ = {
			isa = PBXGroup;
			children = (
				4A90C20E2639F1790025F89B /* FlikrPhotoClient.swift */,
			);
			path = Clients;
			sourceTree = "<group>";
		};
		4A90C212263A22B60025F89B /* Response */ = {
			isa = PBXGroup;
			children = (
				4A90C213263A22D30025F89B /* SearchResults.swift */,
				4A90C216263A2E4B0025F89B /* Photos.swift */,
				4A956C9526471E1D006B1E39 /* FlickrPhotoSearchResults.swift */,
				4A956C992647214E006B1E39 /* FlickrPhotosData.swift */,
				4A956C9D26472171006B1E39 /* FlickrPhotoData.swift */,
			);
			path = Response;
			sourceTree = "<group>";
		};
		4AF9CB8D263CF21100753309 /* View */ = {
			isa = PBXGroup;
			children = (
				4AF9CB8E263CF22900753309 /* FlickrImageCell.swift */,
			);
			path = View;
			sourceTree = "<group>";
		};
/* End PBXGroup section */

/* Begin PBXNativeTarget section */
		4A90C1E22638B3FD0025F89B /* VirtualTourist */ = {
			isa = PBXNativeTarget;
			buildConfigurationList = 4A90C1FA2638B3FF0025F89B /* Build configuration list for PBXNativeTarget "VirtualTourist" */;
			buildPhases = (
				4A90C1DF2638B3FD0025F89B /* Sources */,
				4A90C1E02638B3FD0025F89B /* Frameworks */,
				4A90C1E12638B3FD0025F89B /* Resources */,
			);
			buildRules = (
			);
			dependencies = (
			);
			name = VirtualTourist;
			productName = VirtualTourist;
			productReference = 4A90C1E32638B3FD0025F89B /* VirtualTourist.app */;
			productType = "com.apple.product-type.application";
		};
/* End PBXNativeTarget section */

/* Begin PBXProject section */
		4A90C1DB2638B3FD0025F89B /* Project object */ = {
			isa = PBXProject;
			attributes = {
				LastSwiftUpdateCheck = 1230;
				LastUpgradeCheck = 1230;
				TargetAttributes = {
					4A90C1E22638B3FD0025F89B = {
						CreatedOnToolsVersion = 12.3;
					};
				};
			};
			buildConfigurationList = 4A90C1DE2638B3FD0025F89B /* Build configuration list for PBXProject "VirtualTourist" */;
			compatibilityVersion = "Xcode 9.3";
			developmentRegion = en;
			hasScannedForEncodings = 0;
			knownRegions = (
				en,
				Base,
			);
			mainGroup = 4A90C1DA2638B3FD0025F89B;
			productRefGroup = 4A90C1E42638B3FD0025F89B /* Products */;
			projectDirPath = "";
			projectRoot = "";
			targets = (
				4A90C1E22638B3FD0025F89B /* VirtualTourist */,
			);
		};
/* End PBXProject section */

/* Begin PBXResourcesBuildPhase section */
		4A90C1E12638B3FD0025F89B /* Resources */ = {
			isa = PBXResourcesBuildPhase;
			buildActionMask = 2147483647;
			files = (
				4A90C1F62638B3FF0025F89B /* LaunchScreen.storyboard in Resources */,
				4A90C1F32638B3FF0025F89B /* Assets.xcassets in Resources */,
				4A90C1EE2638B3FD0025F89B /* Main.storyboard in Resources */,
			);
			runOnlyForDeploymentPostprocessing = 0;
		};
/* End PBXResourcesBuildPhase section */

/* Begin PBXSourcesBuildPhase section */
		4A90C1DF2638B3FD0025F89B /* Sources */ = {
			isa = PBXSourcesBuildPhase;
			buildActionMask = 2147483647;
			files = (
				4A90C217263A2E4B0025F89B /* Photos.swift in Sources */,
				4A90C2022638BBCC0025F89B /* DataController.swift in Sources */,
				4A90C1F12638B3FD0025F89B /* VirtualTourist.xcdatamodeld in Sources */,
				4A90C1EB2638B3FD0025F89B /* TravelLocationsMapViewController.swift in Sources */,
				4A956C9626471E1D006B1E39 /* FlickrPhotoSearchResults.swift in Sources */,
				4A956C9A2647214E006B1E39 /* FlickrPhotosData.swift in Sources */,
				4AF9CB8F263CF22900753309 /* FlickrImageCell.swift in Sources */,
				4A90C21A263A2E5A0025F89B /* FlickrPhoto.swift in Sources */,
				4A90C1E72638B3FD0025F89B /* AppDelegate.swift in Sources */,
				4A90C20F2639F1790025F89B /* FlikrPhotoClient.swift in Sources */,
				4A90C1E92638B3FD0025F89B /* SceneDelegate.swift in Sources */,
				4A90C214263A22D30025F89B /* SearchResults.swift in Sources */,
				4A90C2082639C6720025F89B /* PhotoAlbumViewController.swift in Sources */,
				4A956C9E26472171006B1E39 /* FlickrPhotoData.swift in Sources */,
			);
			runOnlyForDeploymentPostprocessing = 0;
		};
/* End PBXSourcesBuildPhase section */

/* Begin PBXVariantGroup section */
		4A90C1EC2638B3FD0025F89B /* Main.storyboard */ = {
			isa = PBXVariantGroup;
			children = (
				4A90C1ED2638B3FD0025F89B /* Base */,
			);
			name = Main.storyboard;
			sourceTree = "<group>";
		};
		4A90C1F42638B3FF0025F89B /* LaunchScreen.storyboard */ = {
			isa = PBXVariantGroup;
			children = (
				4A90C1F52638B3FF0025F89B /* Base */,
			);
			name = LaunchScreen.storyboard;
			sourceTree = "<group>";
		};
/* End PBXVariantGroup section */

/* Begin XCBuildConfiguration section */
		4A90C1F82638B3FF0025F89B /* Debug */ = {
			isa = XCBuildConfiguration;
			buildSettings = {
				ALWAYS_SEARCH_USER_PATHS = NO;
				CLANG_ANALYZER_NONNULL = YES;
				CLANG_ANALYZER_NUMBER_OBJECT_CONVERSION = YES_AGGRESSIVE;
				CLANG_CXX_LANGUAGE_STANDARD = "gnu++14";
				CLANG_CXX_LIBRARY = "libc++";
				CLANG_ENABLE_MODULES = YES;
				CLANG_ENABLE_OBJC_ARC = YES;
				CLANG_ENABLE_OBJC_WEAK = YES;
				CLANG_WARN_BLOCK_CAPTURE_AUTORELEASING = YES;
				CLANG_WARN_BOOL_CONVERSION = YES;
				CLANG_WARN_COMMA = YES;
				CLANG_WARN_CONSTANT_CONVERSION = YES;
				CLANG_WARN_DEPRECATED_OBJC_IMPLEMENTATIONS = YES;
				CLANG_WARN_DIRECT_OBJC_ISA_USAGE = YES_ERROR;
				CLANG_WARN_DOCUMENTATION_COMMENTS = YES;
				CLANG_WARN_EMPTY_BODY = YES;
				CLANG_WARN_ENUM_CONVERSION = YES;
				CLANG_WARN_INFINITE_RECURSION = YES;
				CLANG_WARN_INT_CONVERSION = YES;
				CLANG_WARN_NON_LITERAL_NULL_CONVERSION = YES;
				CLANG_WARN_OBJC_IMPLICIT_RETAIN_SELF = YES;
				CLANG_WARN_OBJC_LITERAL_CONVERSION = YES;
				CLANG_WARN_OBJC_ROOT_CLASS = YES_ERROR;
				CLANG_WARN_QUOTED_INCLUDE_IN_FRAMEWORK_HEADER = YES;
				CLANG_WARN_RANGE_LOOP_ANALYSIS = YES;
				CLANG_WARN_STRICT_PROTOTYPES = YES;
				CLANG_WARN_SUSPICIOUS_MOVE = YES;
				CLANG_WARN_UNGUARDED_AVAILABILITY = YES_AGGRESSIVE;
				CLANG_WARN_UNREACHABLE_CODE = YES;
				CLANG_WARN__DUPLICATE_METHOD_MATCH = YES;
				COPY_PHASE_STRIP = NO;
				DEBUG_INFORMATION_FORMAT = dwarf;
				ENABLE_STRICT_OBJC_MSGSEND = YES;
				ENABLE_TESTABILITY = YES;
				GCC_C_LANGUAGE_STANDARD = gnu11;
				GCC_DYNAMIC_NO_PIC = NO;
				GCC_NO_COMMON_BLOCKS = YES;
				GCC_OPTIMIZATION_LEVEL = 0;
				GCC_PREPROCESSOR_DEFINITIONS = (
					"DEBUG=1",
					"$(inherited)",
				);
				GCC_WARN_64_TO_32_BIT_CONVERSION = YES;
				GCC_WARN_ABOUT_RETURN_TYPE = YES_ERROR;
				GCC_WARN_UNDECLARED_SELECTOR = YES;
				GCC_WARN_UNINITIALIZED_AUTOS = YES_AGGRESSIVE;
				GCC_WARN_UNUSED_FUNCTION = YES;
				GCC_WARN_UNUSED_VARIABLE = YES;
				IPHONEOS_DEPLOYMENT_TARGET = 14.3;
				MTL_ENABLE_DEBUG_INFO = INCLUDE_SOURCE;
				MTL_FAST_MATH = YES;
				ONLY_ACTIVE_ARCH = YES;
				SDKROOT = iphoneos;
				SWIFT_ACTIVE_COMPILATION_CONDITIONS = DEBUG;
				SWIFT_OPTIMIZATION_LEVEL = "-Onone";
			};
			name = Debug;
		};
		4A90C1F92638B3FF0025F89B /* Release */ = {
			isa = XCBuildConfiguration;
			buildSettings = {
				ALWAYS_SEARCH_USER_PATHS = NO;
				CLANG_ANALYZER_NONNULL = YES;
				CLANG_ANALYZER_NUMBER_OBJECT_CONVERSION = YES_AGGRESSIVE;
				CLANG_CXX_LANGUAGE_STANDARD = "gnu++14";
				CLANG_CXX_LIBRARY = "libc++";
				CLANG_ENABLE_MODULES = YES;
				CLANG_ENABLE_OBJC_ARC = YES;
				CLANG_ENABLE_OBJC_WEAK = YES;
				CLANG_WARN_BLOCK_CAPTURE_AUTORELEASING = YES;
				CLANG_WARN_BOOL_CONVERSION = YES;
				CLANG_WARN_COMMA = YES;
				CLANG_WARN_CONSTANT_CONVERSION = YES;
				CLANG_WARN_DEPRECATED_OBJC_IMPLEMENTATIONS = YES;
				CLANG_WARN_DIRECT_OBJC_ISA_USAGE = YES_ERROR;
				CLANG_WARN_DOCUMENTATION_COMMENTS = YES;
				CLANG_WARN_EMPTY_BODY = YES;
				CLANG_WARN_ENUM_CONVERSION = YES;
				CLANG_WARN_INFINITE_RECURSION = YES;
				CLANG_WARN_INT_CONVERSION = YES;
				CLANG_WARN_NON_LITERAL_NULL_CONVERSION = YES;
				CLANG_WARN_OBJC_IMPLICIT_RETAIN_SELF = YES;
				CLANG_WARN_OBJC_LITERAL_CONVERSION = YES;
				CLANG_WARN_OBJC_ROOT_CLASS = YES_ERROR;
				CLANG_WARN_QUOTED_INCLUDE_IN_FRAMEWORK_HEADER = YES;
				CLANG_WARN_RANGE_LOOP_ANALYSIS = YES;
				CLANG_WARN_STRICT_PROTOTYPES = YES;
				CLANG_WARN_SUSPICIOUS_MOVE = YES;
				CLANG_WARN_UNGUARDED_AVAILABILITY = YES_AGGRESSIVE;
				CLANG_WARN_UNREACHABLE_CODE = YES;
				CLANG_WARN__DUPLICATE_METHOD_MATCH = YES;
				COPY_PHASE_STRIP = NO;
				DEBUG_INFORMATION_FORMAT = "dwarf-with-dsym";
				ENABLE_NS_ASSERTIONS = NO;
				ENABLE_STRICT_OBJC_MSGSEND = YES;
				GCC_C_LANGUAGE_STANDARD = gnu11;
				GCC_NO_COMMON_BLOCKS = YES;
				GCC_WARN_64_TO_32_BIT_CONVERSION = YES;
				GCC_WARN_ABOUT_RETURN_TYPE = YES_ERROR;
				GCC_WARN_UNDECLARED_SELECTOR = YES;
				GCC_WARN_UNINITIALIZED_AUTOS = YES_AGGRESSIVE;
				GCC_WARN_UNUSED_FUNCTION = YES;
				GCC_WARN_UNUSED_VARIABLE = YES;
				IPHONEOS_DEPLOYMENT_TARGET = 14.3;
				MTL_ENABLE_DEBUG_INFO = NO;
				MTL_FAST_MATH = YES;
				SDKROOT = iphoneos;
				SWIFT_COMPILATION_MODE = wholemodule;
				SWIFT_OPTIMIZATION_LEVEL = "-O";
				VALIDATE_PRODUCT = YES;
			};
			name = Release;
		};
		4A90C1FB2638B3FF0025F89B /* Debug */ = {
			isa = XCBuildConfiguration;
			buildSettings = {
				ASSETCATALOG_COMPILER_APPICON_NAME = AppIcon;
				ASSETCATALOG_COMPILER_GLOBAL_ACCENT_COLOR_NAME = AccentColor;
				CODE_SIGN_STYLE = Automatic;
				INFOPLIST_FILE = VirtualTourist/Info.plist;
				LD_RUNPATH_SEARCH_PATHS = (
					"$(inherited)",
					"@executable_path/Frameworks",
				);
				PRODUCT_BUNDLE_IDENTIFIER = com.cary.VirtualTourist;
				PRODUCT_NAME = "$(TARGET_NAME)";
				SWIFT_VERSION = 5.0;
				TARGETED_DEVICE_FAMILY = "1,2";
			};
			name = Debug;
		};
		4A90C1FC2638B3FF0025F89B /* Release */ = {
			isa = XCBuildConfiguration;
			buildSettings = {
				ASSETCATALOG_COMPILER_APPICON_NAME = AppIcon;
				ASSETCATALOG_COMPILER_GLOBAL_ACCENT_COLOR_NAME = AccentColor;
				CODE_SIGN_STYLE = Automatic;
				INFOPLIST_FILE = VirtualTourist/Info.plist;
				LD_RUNPATH_SEARCH_PATHS = (
					"$(inherited)",
					"@executable_path/Frameworks",
				);
				PRODUCT_BUNDLE_IDENTIFIER = com.cary.VirtualTourist;
				PRODUCT_NAME = "$(TARGET_NAME)";
				SWIFT_VERSION = 5.0;
				TARGETED_DEVICE_FAMILY = "1,2";
			};
			name = Release;
		};
/* End XCBuildConfiguration section */

/* Begin XCConfigurationList section */
		4A90C1DE2638B3FD0025F89B /* Build configuration list for PBXProject "VirtualTourist" */ = {
			isa = XCConfigurationList;
			buildConfigurations = (
				4A90C1F82638B3FF0025F89B /* Debug */,
				4A90C1F92638B3FF0025F89B /* Release */,
			);
			defaultConfigurationIsVisible = 0;
			defaultConfigurationName = Release;
		};
		4A90C1FA2638B3FF0025F89B /* Build configuration list for PBXNativeTarget "VirtualTourist" */ = {
			isa = XCConfigurationList;
			buildConfigurations = (
				4A90C1FB2638B3FF0025F89B /* Debug */,
				4A90C1FC2638B3FF0025F89B /* Release */,
			);
			defaultConfigurationIsVisible = 0;
			defaultConfigurationName = Release;
		};
/* End XCConfigurationList section */

/* Begin XCVersionGroup section */
		4A90C1EF2638B3FD0025F89B /* VirtualTourist.xcdatamodeld */ = {
			isa = XCVersionGroup;
			children = (
				4A90C1F02638B3FD0025F89B /* VirtualTourist.xcdatamodel */,
			);
			currentVersion = 4A90C1F02638B3FD0025F89B /* VirtualTourist.xcdatamodel */;
			path = VirtualTourist.xcdatamodeld;
			sourceTree = "<group>";
			versionGroupType = wrapper.xcdatamodel;
		};
/* End XCVersionGroup section */
	};
	rootObject = 4A90C1DB2638B3FD0025F89B /* Project object */;
}
